
Microsoft Visual Studio Solution File, Format Version 12.00
# Visual Studio 2013
Project("{FAE04EC0-301F-11D3-BF4B-00C04F79EFBC}") = "doudizhu2.CSharp", "doudizhu2.CSharp.csproj", "{B17F5773-561A-78CA-188B-BA0AE7205E0F}"
EndProject
Project("{FAE04EC0-301F-11D3-BF4B-00C04F79EFBC}") = "doudizhu2.CSharp.Editor", "doudizhu2.CSharp.Editor.csproj", "{4F8B9EC5-E1D5-7D2D-66B8-C5097731B83F}"
EndProject
Global
	GlobalSection(SolutionConfigurationPlatforms) = preSolution
		Debug|Any CPU = Debug|Any CPU
		Release|Any CPU = Release|Any CPU
	EndGlobalSection
	GlobalSection(ProjectConfigurationPlatforms) = postSolution
		{B17F5773-561A-78CA-188B-BA0AE7205E0F}.Debug|Any CPU.ActiveCfg = Debug|Any CPU
		{B17F5773-561A-78CA-188B-BA0AE7205E0F}.Debug|Any CPU.Build.0 = Debug|Any CPU
		{B17F5773-561A-78CA-188B-BA0AE7205E0F}.Release|Any CPU.ActiveCfg = Release|Any CPU
		{B17F5773-561A-78CA-188B-BA0AE7205E0F}.Release|Any CPU.Build.0 = Release|Any CPU
		{4F8B9EC5-E1D5-7D2D-66B8-C5097731B83F}.Debug|Any CPU.ActiveCfg = Debug|Any CPU
		{4F8B9EC5-E1D5-7D2D-66B8-C5097731B83F}.Debug|Any CPU.Build.0 = Debug|Any CPU
		{4F8B9EC5-E1D5-7D2D-66B8-C5097731B83F}.Release|Any CPU.ActiveCfg = Release|Any CPU
		{4F8B9EC5-E1D5-7D2D-66B8-C5097731B83F}.Release|Any CPU.Build.0 = Release|Any CPU
	EndGlobalSection
	GlobalSection(SolutionProperties) = preSolution
		HideSolutionNode = FALSE
	EndGlobalSection
EndGlobal
